
Microsoft Visual Studio Solution File, Format Version 12.00
# Visual Studio Version 17
VisualStudioVersion = 17.2.32505.173
MinimumVisualStudioVersion = 10.0.40219.1
Project("{FAE04EC0-301F-11D3-BF4B-00C04F79EFBC}") = "ArtyomSiskoИТБ213", "ArtyomSiskoИТБ213\ArtyomSiskoИТБ213.csproj", "{9BBD03F4-CE10-4929-99AB-320082F6D521}"
EndProject
Global
	GlobalSection(SolutionConfigurationPlatforms) = preSolution
		Debug|Any CPU = Debug|Any CPU
		Release|Any CPU = Release|Any CPU
	EndGlobalSection
	GlobalSection(ProjectConfigurationPlatforms) = postSolution
		{9BBD03F4-CE10-4929-99AB-320082F6D521}.Debug|Any CPU.ActiveCfg = Debug|Any CPU
		{9BBD03F4-CE10-4929-99AB-320082F6D521}.Debug|Any CPU.Build.0 = Debug|Any CPU
		{9BBD03F4-CE10-4929-99AB-320082F6D521}.Release|Any CPU.ActiveCfg = Release|Any CPU
		{9BBD03F4-CE10-4929-99AB-320082F6D521}.Release|Any CPU.Build.0 = Release|Any CPU
	EndGlobalSection
	GlobalSection(SolutionProperties) = preSolution
		HideSolutionNode = FALSE
	EndGlobalSection
	GlobalSection(ExtensibilityGlobals) = postSolution
		SolutionGuid = {E08F8A9F-FB1B-4E5B-B0BF-873320AA1486}
	EndGlobalSection
EndGlobal
